
Microsoft Visual Studio Solution File, Format Version 12.00
# Visual Studio 15
VisualStudioVersion = 15.0.27703.2035
MinimumVisualStudioVersion = 10.0.40219.1
Project("{8BC9CEB8-8B4A-11D0-8D11-00A0C91BC942}") = "Tetris_test", "Tetris_test\Tetris_test.vcxproj", "{82CCBAE1-E84F-4C2A-BD75-187BCF6FC835}"
EndProject
Global
	GlobalSection(SolutionConfigurationPlatforms) = preSolution
		Debug|x64 = Debug|x64
		Debug|x86 = Debug|x86
		Release|x64 = Release|x64
		Release|x86 = Release|x86
	EndGlobalSection
	GlobalSection(ProjectConfigurationPlatforms) = postSolution
		{82CCBAE1-E84F-4C2A-BD75-187BCF6FC835}.Debug|x64.ActiveCfg = Debug|x64
		{82CCBAE1-E84F-4C2A-BD75-187BCF6FC835}.Debug|x64.Build.0 = Debug|x64
		{82CCBAE1-E84F-4C2A-BD75-187BCF6FC835}.Debug|x86.ActiveCfg = Debug|Win32
		{82CCBAE1-E84F-4C2A-BD75-187BCF6FC835}.Debug|x86.Build.0 = Debug|Win32
		{82CCBAE1-E84F-4C2A-BD75-187BCF6FC835}.Release|x64.ActiveCfg = Release|x64
		{82CCBAE1-E84F-4C2A-BD75-187BCF6FC835}.Release|x64.Build.0 = Release|x64
		{82CCBAE1-E84F-4C2A-BD75-187BCF6FC835}.Release|x86.ActiveCfg = Release|Win32
		{82CCBAE1-E84F-4C2A-BD75-187BCF6FC835}.Release|x86.Build.0 = Release|Win32
	EndGlobalSection
	GlobalSection(SolutionProperties) = preSolution
		HideSolutionNode = FALSE
	EndGlobalSection
	GlobalSection(ExtensibilityGlobals) = postSolution
		SolutionGuid = {AAB58E85-EE43-4811-AB83-C843C1D1E044}
	EndGlobalSection
EndGlobal
